// !$*UTF8*$!
{
	archiveVersion = 1;
	classes = {
	};
	objectVersion = 46;
	objects = {

/* Begin PBXBuildFile section */
		89CC47101F494528007D847C /* AppDelegate.swift in Sources */ = {isa = PBXBuildFile; fileRef = 89CC470F1F494528007D847C /* AppDelegate.swift */; };
		89CC47121F494528007D847C /* MasterViewController.swift in Sources */ = {isa = PBXBuildFile; fileRef = 89CC47111F494528007D847C /* MasterViewController.swift */; };
		89CC47141F494529007D847C /* DetailViewController.swift in Sources */ = {isa = PBXBuildFile; fileRef = 89CC47131F494528007D847C /* DetailViewController.swift */; };
		89CC47171F494529007D847C /* Main.storyboard in Resources */ = {isa = PBXBuildFile; fileRef = 89CC47151F494529007D847C /* Main.storyboard */; };
		89CC47191F494529007D847C /* Assets.xcassets in Resources */ = {isa = PBXBuildFile; fileRef = 89CC47181F494529007D847C /* Assets.xcassets */; };
		89CC471C1F494529007D847C /* LaunchScreen.storyboard in Resources */ = {isa = PBXBuildFile; fileRef = 89CC471A1F494529007D847C /* LaunchScreen.storyboard */; };
		89CC47271F494529007D847C /* HelloTests.swift in Sources */ = {isa = PBXBuildFile; fileRef = 89CC47261F494529007D847C /* HelloTests.swift */; };
		89CC47321F494529007D847C /* HelloUITests.swift in Sources */ = {isa = PBXBuildFile; fileRef = 89CC47311F494529007D847C /* HelloUITests.swift */; };
/* End PBXBuildFile section */

/* Begin PBXContainerItemProxy section */
		89CC47231F494529007D847C /* PBXContainerItemProxy */ = {
			isa = PBXContainerItemProxy;
			containerPortal = 89CC47041F494528007D847C /* Project object */;
			proxyType = 1;
			remoteGlobalIDString = 89CC470B1F494528007D847C;
			remoteInfo = Hello;
		};
		89CC472E1F494529007D847C /* PBXContainerItemProxy */ = {
			isa = PBXContainerItemProxy;
			containerPortal = 89CC47041F494528007D847C /* Project object */;
			proxyType = 1;
			remoteGlobalIDString = 89CC470B1F494528007D847C;
			remoteInfo = Hello;
		};
/* End PBXContainerItemProxy section */

/* Begin PBXFileReference section */
		89CC470C1F494528007D847C /* Hello.app */ = {isa = PBXFileReference; explicitFileType = wrapper.application; includeInIndex = 0; path = Hello.app; sourceTree = BUILT_PRODUCTS_DIR; };
		89CC470F1F494528007D847C /* AppDelegate.swift */ = {isa = PBXFileReference; lastKnownFileType = sourcecode.swift; path = AppDelegate.swift; sourceTree = "<group>"; };
		89CC47111F494528007D847C /* MasterViewController.swift */ = {isa = PBXFileReference; lastKnownFileType = sourcecode.swift; path = MasterViewController.swift; sourceTree = "<group>"; };
		89CC47131F494528007D847C /* DetailViewController.swift */ = {isa = PBXFileReference; lastKnownFileType = sourcecode.swift; path = DetailViewController.swift; sourceTree = "<group>"; };
		89CC47161F494529007D847C /* Base */ = {isa = PBXFileReference; lastKnownFileType = file.storyboard; name = Base; path = Base.lproj/Main.storyboard; sourceTree = "<group>"; };
		89CC47181F494529007D847C /* Assets.xcassets */ = {isa = PBXFileReference; lastKnownFileType = folder.assetcatalog; path = Assets.xcassets; sourceTree = "<group>"; };
		89CC471B1F494529007D847C /* Base */ = {isa = PBXFileReference; lastKnownFileType = file.storyboard; name = Base; path = Base.lproj/LaunchScreen.storyboard; sourceTree = "<group>"; };
		89CC471D1F494529007D847C /* Info.plist */ = {isa = PBXFileReference; lastKnownFileType = text.plist.xml; path = Info.plist; sourceTree = "<group>"; };
		89CC47221F494529007D847C /* HelloTests.xctest */ = {isa = PBXFileReference; explicitFileType = wrapper.cfbundle; includeInIndex = 0; path = HelloTests.xctest; sourceTree = BUILT_PRODUCTS_DIR; };
		89CC47261F494529007D847C /* HelloTests.swift */ = {isa = PBXFileReference; lastKnownFileType = sourcecode.swift; path = HelloTests.swift; sourceTree = "<group>"; };
		89CC47281F494529007D847C /* Info.plist */ = {isa = PBXFileReference; lastKnownFileType = text.plist.xml; path = Info.plist; sourceTree = "<group>"; };
		89CC472D1F494529007D847C /* HelloUITests.xctest */ = {isa = PBXFileReference; explicitFileType = wrapper.cfbundle; includeInIndex = 0; path = HelloUITests.xctest; sourceTree = BUILT_PRODUCTS_DIR; };
		89CC47311F494529007D847C /* HelloUITests.swift */ = {isa = PBXFileReference; lastKnownFileType = sourcecode.swift; path = HelloUITests.swift; sourceTree = "<group>"; };
		89CC47331F494529007D847C /* Info.plist */ = {isa = PBXFileReference; lastKnownFileType = text.plist.xml; path = Info.plist; sourceTree = "<group>"; };
/* End PBXFileReference section */

/* Begin PBXFrameworksBuildPhase section */
		89CC47091F494528007D847C /* Frameworks */ = {
			isa = PBXFrameworksBuildPhase;
			buildActionMask = 2147483647;
			files = (
			);
			runOnlyForDeploymentPostprocessing = 0;
		};
		89CC471F1F494529007D847C /* Frameworks */ = {
			isa = PBXFrameworksBuildPhase;
			buildActionMask = 2147483647;
			files = (
			);
			runOnlyForDeploymentPostprocessing = 0;
		};
		89CC472A1F494529007D847C /* Frameworks */ = {
			isa = PBXFrameworksBuildPhase;
			buildActionMask = 2147483647;
			files = (
			);
			runOnlyForDeploymentPostprocessing = 0;
		};
/* End PBXFrameworksBuildPhase section */

/* Begin PBXGroup section */
		89CC47031F494528007D847C = {
			isa = PBXGroup;
			children = (
				89CC470E1F494528007D847C /* Hello */,
				89CC47251F494529007D847C /* HelloTests */,
				89CC47301F494529007D847C /* HelloUITests */,
				89CC470D1F494528007D847C /* Products */,
			);
			sourceTree = "<group>";
		};
		89CC470D1F494528007D847C /* Products */ = {
			isa = PBXGroup;
			children = (
				89CC470C1F494528007D847C /* Hello.app */,
				89CC47221F494529007D847C /* HelloTests.xctest */,
				89CC472D1F494529007D847C /* HelloUITests.xctest */,
			);
			name = Products;
			sourceTree = "<group>";
		};
		89CC470E1F494528007D847C /* Hello */ = {
			isa = PBXGroup;
			children = (
				89CC470F1F494528007D847C /* AppDelegate.swift */,
				89CC47111F494528007D847C /* MasterViewController.swift */,
				89CC47131F494528007D847C /* DetailViewController.swift */,
				89CC47151F494529007D847C /* Main.storyboard */,
				89CC47181F494529007D847C /* Assets.xcassets */,
				89CC471A1F494529007D847C /* LaunchScreen.storyboard */,
				89CC471D1F494529007D847C /* Info.plist */,
			);
			path = Hello;
			sourceTree = "<group>";
		};
		89CC47251F494529007D847C /* HelloTests */ = {
			isa = PBXGroup;
			children = (
				89CC47261F494529007D847C /* HelloTests.swift */,
				89CC47281F494529007D847C /* Info.plist */,
			);
			path = HelloTests;
			sourceTree = "<group>";
		};
		89CC47301F494529007D847C /* HelloUITests */ = {
			isa = PBXGroup;
			children = (
				89CC47311F494529007D847C /* HelloUITests.swift */,
				89CC47331F494529007D847C /* Info.plist */,
			);
			path = HelloUITests;
			sourceTree = "<group>";
		};
/* End PBXGroup section */

/* Begin PBXNativeTarget section */
		89CC470B1F494528007D847C /* Hello */ = {
			isa = PBXNativeTarget;
			buildConfigurationList = 89CC47361F494529007D847C /* Build configuration list for PBXNativeTarget "Hello" */;
			buildPhases = (
				89CC47081F494528007D847C /* Sources */,
				89CC47091F494528007D847C /* Frameworks */,
				89CC470A1F494528007D847C /* Resources */,
			);
			buildRules = (
			);
			dependencies = (
			);
			name = Hello;
			productName = Hello;
			productReference = 89CC470C1F494528007D847C /* Hello.app */;
			productType = "com.apple.product-type.application";
		};
		89CC47211F494529007D847C /* HelloTests */ = {
			isa = PBXNativeTarget;
			buildConfigurationList = 89CC47391F494529007D847C /* Build configuration list for PBXNativeTarget "HelloTests" */;
			buildPhases = (
				89CC471E1F494529007D847C /* Sources */,
				89CC471F1F494529007D847C /* Frameworks */,
				89CC47201F494529007D847C /* Resources */,
			);
			buildRules = (
			);
			dependencies = (
				89CC47241F494529007D847C /* PBXTargetDependency */,
			);
			name = HelloTests;
			productName = HelloTests;
			productReference = 89CC47221F494529007D847C /* HelloTests.xctest */;
			productType = "com.apple.product-type.bundle.unit-test";
		};
		89CC472C1F494529007D847C /* HelloUITests */ = {
			isa = PBXNativeTarget;
			buildConfigurationList = 89CC473C1F494529007D847C /* Build configuration list for PBXNativeTarget "HelloUITests" */;
			buildPhases = (
				89CC47291F494529007D847C /* Sources */,
				89CC472A1F494529007D847C /* Frameworks */,
				89CC472B1F494529007D847C /* Resources */,
			);
			buildRules = (
			);
			dependencies = (
				89CC472F1F494529007D847C /* PBXTargetDependency */,
			);
			name = HelloUITests;
			productName = HelloUITests;
			productReference = 89CC472D1F494529007D847C /* HelloUITests.xctest */;
			productType = "com.apple.product-type.bundle.ui-testing";
		};
/* End PBXNativeTarget section */

/* Begin PBXProject section */
		89CC47041F494528007D847C /* Project object */ = {
			isa = PBXProject;
			attributes = {
				LastSwiftUpdateCheck = 0830;
				LastUpgradeCheck = 0830;
				ORGANIZATIONNAME = "Lauren Traum and Grace Chamberlain";
				TargetAttributes = {
					89CC470B1F494528007D847C = {
						CreatedOnToolsVersion = 8.3.3;
						ProvisioningStyle = Automatic;
					};
					89CC47211F494529007D847C = {
						CreatedOnToolsVersion = 8.3.3;
						ProvisioningStyle = Automatic;
						TestTargetID = 89CC470B1F494528007D847C;
					};
					89CC472C1F494529007D847C = {
						CreatedOnToolsVersion = 8.3.3;
						ProvisioningStyle = Automatic;
						TestTargetID = 89CC470B1F494528007D847C;
					};
				};
			};
			buildConfigurationList = 89CC47071F494528007D847C /* Build configuration list for PBXProject "Hello" */;
			compatibilityVersion = "Xcode 3.2";
			developmentRegion = English;
			hasScannedForEncodings = 0;
			knownRegions = (
				en,
				Base,
			);
			mainGroup = 89CC47031F494528007D847C;
			productRefGroup = 89CC470D1F494528007D847C /* Products */;
			projectDirPath = "";
			projectRoot = "";
			targets = (
				89CC470B1F494528007D847C /* Hello */,
				89CC47211F494529007D847C /* HelloTests */,
				89CC472C1F494529007D847C /* HelloUITests */,
			);
		};
/* End PBXProject section */

/* Begin PBXResourcesBuildPhase section */
		89CC470A1F494528007D847C /* Resources */ = {
			isa = PBXResourcesBuildPhase;
			buildActionMask = 2147483647;
			files = (
				89CC471C1F494529007D847C /* LaunchScreen.storyboard in Resources */,
				89CC47191F494529007D847C /* Assets.xcassets in Resources */,
				89CC47171F494529007D847C /* Main.storyboard in Resources */,
			);
			runOnlyForDeploymentPostprocessing = 0;
		};
		89CC47201F494529007D847C /* Resources */ = {
			isa = PBXResourcesBuildPhase;
			buildActionMask = 2147483647;
			files = (
			);
			runOnlyForDeploymentPostprocessing = 0;
		};
		89CC472B1F494529007D847C /* Resources */ = {
			isa = PBXResourcesBuildPhase;
			buildActionMask = 2147483647;
			files = (
			);
			runOnlyForDeploymentPostprocessing = 0;
		};
/* End PBXResourcesBuildPhase section */

/* Begin PBXSourcesBuildPhase section */
		89CC47081F494528007D847C /* Sources */ = {
			isa = PBXSourcesBuildPhase;
			buildActionMask = 2147483647;
			files = (
				89CC47141F494529007D847C /* DetailViewController.swift in Sources */,
				89CC47121F494528007D847C /* MasterViewController.swift in Sources */,
				89CC47101F494528007D847C /* AppDelegate.swift in Sources */,
			);
			runOnlyForDeploymentPostprocessing = 0;
		};
		89CC471E1F494529007D847C /* Sources */ = {
			isa = PBXSourcesBuildPhase;
			buildActionMask = 2147483647;
			files = (
				89CC47271F494529007D847C /* HelloTests.swift in Sources */,
			);
			runOnlyForDeploymentPostprocessing = 0;
		};
		89CC47291F494529007D847C /* Sources */ = {
			isa = PBXSourcesBuildPhase;
			buildActionMask = 2147483647;
			files = (
				89CC47321F494529007D847C /* HelloUITests.swift in Sources */,
			);
			runOnlyForDeploymentPostprocessing = 0;
		};
/* End PBXSourcesBuildPhase section */

/* Begin PBXTargetDependency section */
		89CC47241F494529007D847C /* PBXTargetDependency */ = {
			isa = PBXTargetDependency;
			target = 89CC470B1F494528007D847C /* Hello */;
			targetProxy = 89CC47231F494529007D847C /* PBXContainerItemProxy */;
		};
		89CC472F1F494529007D847C /* PBXTargetDependency */ = {
			isa = PBXTargetDependency;
			target = 89CC470B1F494528007D847C /* Hello */;
			targetProxy = 89CC472E1F494529007D847C /* PBXContainerItemProxy */;
		};
/* End PBXTargetDependency section */

/* Begin PBXVariantGroup section */
		89CC47151F494529007D847C /* Main.storyboard */ = {
			isa = PBXVariantGroup;
			children = (
				89CC47161F494529007D847C /* Base */,
			);
			name = Main.storyboard;
			sourceTree = "<group>";
		};
		89CC471A1F494529007D847C /* LaunchScreen.storyboard */ = {
			isa = PBXVariantGroup;
			children = (
				89CC471B1F494529007D847C /* Base */,
			);
			name = LaunchScreen.storyboard;
			sourceTree = "<group>";
		};
/* End PBXVariantGroup section */

/* Begin XCBuildConfiguration section */
		89CC47341F494529007D847C /* Debug */ = {
			isa = XCBuildConfiguration;
			buildSettings = {
				ALWAYS_SEARCH_USER_PATHS = NO;
				CLANG_ANALYZER_NONNULL = YES;
				CLANG_ANALYZER_NUMBER_OBJECT_CONVERSION = YES_AGGRESSIVE;
				CLANG_CXX_LANGUAGE_STANDARD = "gnu++0x";
				CLANG_CXX_LIBRARY = "libc++";
				CLANG_ENABLE_MODULES = YES;
				CLANG_ENABLE_OBJC_ARC = YES;
				CLANG_WARN_BOOL_CONVERSION = YES;
				CLANG_WARN_CONSTANT_CONVERSION = YES;
				CLANG_WARN_DIRECT_OBJC_ISA_USAGE = YES_ERROR;
				CLANG_WARN_DOCUMENTATION_COMMENTS = YES;
				CLANG_WARN_EMPTY_BODY = YES;
				CLANG_WARN_ENUM_CONVERSION = YES;
				CLANG_WARN_INFINITE_RECURSION = YES;
				CLANG_WARN_INT_CONVERSION = YES;
				CLANG_WARN_OBJC_ROOT_CLASS = YES_ERROR;
				CLANG_WARN_SUSPICIOUS_MOVE = YES;
				CLANG_WARN_UNREACHABLE_CODE = YES;
				CLANG_WARN__DUPLICATE_METHOD_MATCH = YES;
				"CODE_SIGN_IDENTITY[sdk=iphoneos*]" = "iPhone Developer";
				COPY_PHASE_STRIP = NO;
				DEBUG_INFORMATION_FORMAT = dwarf;
				ENABLE_STRICT_OBJC_MSGSEND = YES;
				ENABLE_TESTABILITY = YES;
				GCC_C_LANGUAGE_STANDARD = gnu99;
				GCC_DYNAMIC_NO_PIC = NO;
				GCC_NO_COMMON_BLOCKS = YES;
				GCC_OPTIMIZATION_LEVEL = 0;
				GCC_PREPROCESSOR_DEFINITIONS = (
					"DEBUG=1",
					"$(inherited)",
				);
				GCC_WARN_64_TO_32_BIT_CONVERSION = YES;
				GCC_WARN_ABOUT_RETURN_TYPE = YES_ERROR;
				GCC_WARN_UNDECLARED_SELECTOR = YES;
				GCC_WARN_UNINITIALIZED_AUTOS = YES_AGGRESSIVE;
				GCC_WARN_UNUSED_FUNCTION = YES;
				GCC_WARN_UNUSED_VARIABLE = YES;
				IPHONEOS_DEPLOYMENT_TARGET = 10.3;
				MTL_ENABLE_DEBUG_INFO = YES;
				ONLY_ACTIVE_ARCH = YES;
				SDKROOT = iphoneos;
				SWIFT_ACTIVE_COMPILATION_CONDITIONS = DEBUG;
				SWIFT_OPTIMIZATION_LEVEL = "-Onone";
				TARGETED_DEVICE_FAMILY = "1,2";
			};
			name = Debug;
		};
		89CC47351F494529007D847C /* Release */ = {
			isa = XCBuildConfiguration;
			buildSettings = {
				ALWAYS_SEARCH_USER_PATHS = NO;
				CLANG_ANALYZER_NONNULL = YES;
				CLANG_ANALYZER_NUMBER_OBJECT_CONVERSION = YES_AGGRESSIVE;
				CLANG_CXX_LANGUAGE_STANDARD = "gnu++0x";
				CLANG_CXX_LIBRARY = "libc++";
				CLANG_ENABLE_MODULES = YES;
				CLANG_ENABLE_OBJC_ARC = YES;
				CLANG_WARN_BOOL_CONVERSION = YES;
				CLANG_WARN_CONSTANT_CONVERSION = YES;
				CLANG_WARN_DIRECT_OBJC_ISA_USAGE = YES_ERROR;
				CLANG_WARN_DOCUMENTATION_COMMENTS = YES;
				CLANG_WARN_EMPTY_BODY = YES;
				CLANG_WARN_ENUM_CONVERSION = YES;
				CLANG_WARN_INFINITE_RECURSION = YES;
				CLANG_WARN_INT_CONVERSION = YES;
				CLANG_WARN_OBJC_ROOT_CLASS = YES_ERROR;
				CLANG_WARN_SUSPICIOUS_MOVE = YES;
				CLANG_WARN_UNREACHABLE_CODE = YES;
				CLANG_WARN__DUPLICATE_METHOD_MATCH = YES;
				"CODE_SIGN_IDENTITY[sdk=iphoneos*]" = "iPhone Developer";
				COPY_PHASE_STRIP = NO;
				DEBUG_INFORMATION_FORMAT = "dwarf-with-dsym";
				ENABLE_NS_ASSERTIONS = NO;
				ENABLE_STRICT_OBJC_MSGSEND = YES;
				GCC_C_LANGUAGE_STANDARD = gnu99;
				GCC_NO_COMMON_BLOCKS = YES;
				GCC_WARN_64_TO_32_BIT_CONVERSION = YES;
				GCC_WARN_ABOUT_RETURN_TYPE = YES_ERROR;
				GCC_WARN_UNDECLARED_SELECTOR = YES;
				GCC_WARN_UNINITIALIZED_AUTOS = YES_AGGRESSIVE;
				GCC_WARN_UNUSED_FUNCTION = YES;
				GCC_WARN_UNUSED_VARIABLE = YES;
				IPHONEOS_DEPLOYMENT_TARGET = 10.3;
				MTL_ENABLE_DEBUG_INFO = NO;
				SDKROOT = iphoneos;
				SWIFT_OPTIMIZATION_LEVEL = "-Owholemodule";
				TARGETED_DEVICE_FAMILY = "1,2";
				VALIDATE_PRODUCT = YES;
			};
			name = Release;
		};
		89CC47371F494529007D847C /* Debug */ = {
			isa = XCBuildConfiguration;
			buildSettings = {
				ASSETCATALOG_COMPILER_APPICON_NAME = AppIcon;
				INFOPLIST_FILE = Hello/Info.plist;
				LD_RUNPATH_SEARCH_PATHS = "$(inherited) @executable_path/Frameworks";
				PRODUCT_BUNDLE_IDENTIFIER = fgfgfg.Hello;
				PRODUCT_NAME = "$(TARGET_NAME)";
				SWIFT_VERSION = 3.0;
			};
			name = Debug;
		};
		89CC47381F494529007D847C /* Release */ = {
			isa = XCBuildConfiguration;
			buildSettings = {
				ASSETCATALOG_COMPILER_APPICON_NAME = AppIcon;
				INFOPLIST_FILE = Hello/Info.plist;
				LD_RUNPATH_SEARCH_PATHS = "$(inherited) @executable_path/Frameworks";
				PRODUCT_BUNDLE_IDENTIFIER = fgfgfg.Hello;
				PRODUCT_NAME = "$(TARGET_NAME)";
				SWIFT_VERSION = 3.0;
			};
			name = Release;
		};
		89CC473A1F494529007D847C /* Debug */ = {
			isa = XCBuildConfiguration;
			buildSettings = {
				ALWAYS_EMBED_SWIFT_STANDARD_LIBRARIES = YES;
				BUNDLE_LOADER = "$(TEST_HOST)";
				INFOPLIST_FILE = HelloTests/Info.plist;
				LD_RUNPATH_SEARCH_PATHS = "$(inherited) @executable_path/Frameworks @loader_path/Frameworks";
				PRODUCT_BUNDLE_IDENTIFIER = fgfgfg.HelloTests;
				PRODUCT_NAME = "$(TARGET_NAME)";
				SWIFT_VERSION = 3.0;
				TEST_HOST = "$(BUILT_PRODUCTS_DIR)/Hello.app/Hello";
			};
			name = Debug;
		};
		89CC473B1F494529007D847C /* Release */ = {
			isa = XCBuildConfiguration;
			buildSettings = {
				ALWAYS_EMBED_SWIFT_STANDARD_LIBRARIES = YES;
				BUNDLE_LOADER = "$(TEST_HOST)";
				INFOPLIST_FILE = HelloTests/Info.plist;
				LD_RUNPATH_SEARCH_PATHS = "$(inherited) @executable_path/Frameworks @loader_path/Frameworks";
				PRODUCT_BUNDLE_IDENTIFIER = fgfgfg.HelloTests;
				PRODUCT_NAME = "$(TARGET_NAME)";
				SWIFT_VERSION = 3.0;
				TEST_HOST = "$(BUILT_PRODUCTS_DIR)/Hello.app/Hello";
			};
			name = Release;
		};
		89CC473D1F494529007D847C /* Debug */ = {
			isa = XCBuildConfiguration;
			buildSettings = {
				ALWAYS_EMBED_SWIFT_STANDARD_LIBRARIES = YES;
				INFOPLIST_FILE = HelloUITests/Info.plist;
				LD_RUNPATH_SEARCH_PATHS = "$(inherited) @executable_path/Frameworks @loader_path/Frameworks";
				PRODUCT_BUNDLE_IDENTIFIER = fgfgfg.HelloUITests;
				PRODUCT_NAME = "$(TARGET_NAME)";
				SWIFT_VERSION = 3.0;
				TEST_TARGET_NAME = Hello;
			};
			name = Debug;
		};
		89CC473E1F494529007D847C /* Release */ = {
			isa = XCBuildConfiguration;
			buildSettings = {
				ALWAYS_EMBED_SWIFT_STANDARD_LIBRARIES = YES;
				INFOPLIST_FILE = HelloUITests/Info.plist;
				LD_RUNPATH_SEARCH_PATHS = "$(inherited) @executable_path/Frameworks @loader_path/Frameworks";
				PRODUCT_BUNDLE_IDENTIFIER = fgfgfg.HelloUITests;
				PRODUCT_NAME = "$(TARGET_NAME)";
				SWIFT_VERSION = 3.0;
				TEST_TARGET_NAME = Hello;
			};
			name = Release;
		};
/* End XCBuildConfiguration section */

/* Begin XCConfigurationList section */
		89CC47071F494528007D847C /* Build configuration list for PBXProject "Hello" */ = {
			isa = XCConfigurationList;
			buildConfigurations = (
				89CC47341F494529007D847C /* Debug */,
				89CC47351F494529007D847C /* Release */,
			);
			defaultConfigurationIsVisible = 0;
			defaultConfigurationName = Release;
		};
		89CC47361F494529007D847C /* Build configuration list for PBXNativeTarget "Hello" */ = {
			isa = XCConfigurationList;
			buildConfigurations = (
				89CC47371F494529007D847C /* Debug */,
				89CC47381F494529007D847C /* Release */,
			);
			defaultConfigurationIsVisible = 0;
		};
		89CC47391F494529007D847C /* Build configuration list for PBXNativeTarget "HelloTests" */ = {
			isa = XCConfigurationList;
			buildConfigurations = (
				89CC473A1F494529007D847C /* Debug */,
				89CC473B1F494529007D847C /* Release */,
			);
			defaultConfigurationIsVisible = 0;
		};
		89CC473C1F494529007D847C /* Build configuration list for PBXNativeTarget "HelloUITests" */ = {
			isa = XCConfigurationList;
			buildConfigurations = (
				89CC473D1F494529007D847C /* Debug */,
				89CC473E1F494529007D847C /* Release */,
			);
			defaultConfigurationIsVisible = 0;
		};
/* End XCConfigurationList section */
	};
	rootObject = 89CC47041F494528007D847C /* Project object */;
}
